
Microsoft Visual Studio Solution File, Format Version 12.00
# Visual Studio Version 16
VisualStudioVersion = 16.0.31624.102
MinimumVisualStudioVersion = 10.0.40219.1
Project("{FAE04EC0-301F-11D3-BF4B-00C04F79EFBC}") = "OOP3", "OOP3\OOP3.csproj", "{C08CA16D-A9C7-4713-AB71-E94FECABE8F3}"
EndProject
Global
	GlobalSection(SolutionConfigurationPlatforms) = preSolution
		Debug|Any CPU = Debug|Any CPU
		Release|Any CPU = Release|Any CPU
	EndGlobalSection
	GlobalSection(ProjectConfigurationPlatforms) = postSolution
		{C08CA16D-A9C7-4713-AB71-E94FECABE8F3}.Debug|Any CPU.ActiveCfg = Debug|Any CPU
		{C08CA16D-A9C7-4713-AB71-E94FECABE8F3}.Debug|Any CPU.Build.0 = Debug|Any CPU
		{C08CA16D-A9C7-4713-AB71-E94FECABE8F3}.Release|Any CPU.ActiveCfg = Release|Any CPU
		{C08CA16D-A9C7-4713-AB71-E94FECABE8F3}.Release|Any CPU.Build.0 = Release|Any CPU
	EndGlobalSection
	GlobalSection(SolutionProperties) = preSolution
		HideSolutionNode = FALSE
	EndGlobalSection
	GlobalSection(ExtensibilityGlobals) = postSolution
		SolutionGuid = {34357DB3-F17B-4D6D-8A45-A9C8EF161471}
	EndGlobalSection
EndGlobal
